{
  "name": "@qgrid/core",
  "version": "11.2.0",
  "lockfileVersion": 1,
  "requires": true,
  "dependencies": {
    "css.escape": {
      "version": "1.5.1",
      "resolved": "https://registry.npmjs.org/css.escape/-/css.escape-1.5.1.tgz",
      "integrity": "sha1-QuJ9T6BK4y+TGktNQZH6nN3ul8s="
    },
    "fastdom": {
      "version": "1.0.9",
      "resolved": "https://registry.npmjs.org/fastdom/-/fastdom-1.0.9.tgz",
      "integrity": "sha512-SSp4fbVzu8JkkG01NUX+0iOwe9M5PN3MGIQ84txLf4TkkJG4q30khkzumKgi4hUqO1+jX6wLHfnCPoZ6eSZ6Tg==",
      "requires": {
        "strictdom": "^1.0.1"
      }
    },
    "livr": {
      "version": "2.2.5",
      "resolved": "https://registry.npmjs.org/livr/-/livr-2.2.5.tgz",
      "integrity": "sha512-WTVfPnLE/tr3ODUuWrhHyyoc3V6d3ExGU6M4C1EaEToEO3+WpdC0nEbGJ1srFzstcGVnJcTpKK9q1zK3ElTcLA=="
    },
    "lodash-es": {
      "version": "4.17.15",
      "resolved": "https://registry.npmjs.org/lodash-es/-/lodash-es-4.17.15.tgz",
      "integrity": "sha512-rlrc3yU3+JNOpZ9zj5pQtxnx2THmvRykwL4Xlxoa8I9lHBlVbbyPhgyPMioxVZ4NqyxaVVtaJnzsyOidQIhyyQ=="
    },
    "strictdom": {
      "version": "1.0.1",
      "resolved": "https://registry.npmjs.org/strictdom/-/strictdom-1.0.1.tgz",
      "integrity": "sha1-GJ3pFkn3PUTVm4Qy76aO+dJllGA="
    }
  }
}
